
Microsoft Visual Studio Solution File, Format Version 12.00
# Visual Studio Version 16
VisualStudioVersion = 16.0.30104.148
MinimumVisualStudioVersion = 10.0.40219.1
Project("{FAE04EC0-301F-11D3-BF4B-00C04F79EFBC}") = "ConsoleAppTestDemo", "ConsoleAppTestDemo.csproj", "{1824C123-C8FC-44E8-930A-4C8789EA529E}"
EndProject
Global
	GlobalSection(SolutionConfigurationPlatforms) = preSolution
		Debug|Any CPU = Debug|Any CPU
		Release|Any CPU = Release|Any CPU
	EndGlobalSection
	GlobalSection(ProjectConfigurationPlatforms) = postSolution
		{1824C123-C8FC-44E8-930A-4C8789EA529E}.Debug|Any CPU.ActiveCfg = Debug|Any CPU
		{1824C123-C8FC-44E8-930A-4C8789EA529E}.Debug|Any CPU.Build.0 = Debug|Any CPU
		{1824C123-C8FC-44E8-930A-4C8789EA529E}.Release|Any CPU.ActiveCfg = Release|Any CPU
		{1824C123-C8FC-44E8-930A-4C8789EA529E}.Release|Any CPU.Build.0 = Release|Any CPU
	EndGlobalSection
	GlobalSection(SolutionProperties) = preSolution
		HideSolutionNode = FALSE
	EndGlobalSection
	GlobalSection(ExtensibilityGlobals) = postSolution
		SolutionGuid = {C9B9D46F-A99E-48E0-9008-8E0BB97EF8CE}
	EndGlobalSection
EndGlobal
